// !$*UTF8*$!
{
	archiveVersion = 1;
	classes = {
	};
	objectVersion = 46;
	objects = {

/* Begin PBXBuildFile section */
		D21F773E1ABE271D009DABB7 /* AppDelegate.swift in Sources */ = {isa = PBXBuildFile; fileRef = D21F773D1ABE271D009DABB7 /* AppDelegate.swift */; };
		D21F77401ABE271D009DABB7 /* ViewController.swift in Sources */ = {isa = PBXBuildFile; fileRef = D21F773F1ABE271D009DABB7 /* ViewController.swift */; };
		D21F77431ABE271D009DABB7 /* Main.storyboard in Resources */ = {isa = PBXBuildFile; fileRef = D21F77411ABE271D009DABB7 /* Main.storyboard */; };
		D21F77451ABE271D009DABB7 /* Images.xcassets in Resources */ = {isa = PBXBuildFile; fileRef = D21F77441ABE271D009DABB7 /* Images.xcassets */; };
		D21F77481ABE271D009DABB7 /* LaunchScreen.xib in Resources */ = {isa = PBXBuildFile; fileRef = D21F77461ABE271D009DABB7 /* LaunchScreen.xib */; };
		D21F77541ABE271D009DABB7 /* _9RedBalloonsTests.swift in Sources */ = {isa = PBXBuildFile; fileRef = D21F77531ABE271D009DABB7 /* _9RedBalloonsTests.swift */; };
		D22104631ABF2FC600C5CA94 /* Balloon.swift in Sources */ = {isa = PBXBuildFile; fileRef = D22104621ABF2FC600C5CA94 /* Balloon.swift */; };
/* End PBXBuildFile section */

/* Begin PBXContainerItemProxy section */
		D21F774E1ABE271D009DABB7 /* PBXContainerItemProxy */ = {
			isa = PBXContainerItemProxy;
			containerPortal = D21F77301ABE271C009DABB7 /* Project object */;
			proxyType = 1;
			remoteGlobalIDString = D21F77371ABE271D009DABB7;
			remoteInfo = 99RedBalloons;
		};
/* End PBXContainerItemProxy section */

/* Begin PBXFileReference section */
		D21F77381ABE271D009DABB7 /* 99RedBalloons.app */ = {isa = PBXFileReference; explicitFileType = wrapper.application; includeInIndex = 0; path = 99RedBalloons.app; sourceTree = BUILT_PRODUCTS_DIR; };
		D21F773C1ABE271D009DABB7 /* Info.plist */ = {isa = PBXFileReference; lastKnownFileType = text.plist.xml; path = Info.plist; sourceTree = "<group>"; };
		D21F773D1ABE271D009DABB7 /* AppDelegate.swift */ = {isa = PBXFileReference; lastKnownFileType = sourcecode.swift; path = AppDelegate.swift; sourceTree = "<group>"; };
		D21F773F1ABE271D009DABB7 /* ViewController.swift */ = {isa = PBXFileReference; lastKnownFileType = sourcecode.swift; path = ViewController.swift; sourceTree = "<group>"; };
		D21F77421ABE271D009DABB7 /* Base */ = {isa = PBXFileReference; lastKnownFileType = file.storyboard; name = Base; path = Base.lproj/Main.storyboard; sourceTree = "<group>"; };
		D21F77441ABE271D009DABB7 /* Images.xcassets */ = {isa = PBXFileReference; lastKnownFileType = folder.assetcatalog; path = Images.xcassets; sourceTree = "<group>"; };
		D21F77471ABE271D009DABB7 /* Base */ = {isa = PBXFileReference; lastKnownFileType = file.xib; name = Base; path = Base.lproj/LaunchScreen.xib; sourceTree = "<group>"; };
		D21F774D1ABE271D009DABB7 /* 99RedBalloonsTests.xctest */ = {isa = PBXFileReference; explicitFileType = wrapper.cfbundle; includeInIndex = 0; path = 99RedBalloonsTests.xctest; sourceTree = BUILT_PRODUCTS_DIR; };
		D21F77521ABE271D009DABB7 /* Info.plist */ = {isa = PBXFileReference; lastKnownFileType = text.plist.xml; path = Info.plist; sourceTree = "<group>"; };
		D21F77531ABE271D009DABB7 /* _9RedBalloonsTests.swift */ = {isa = PBXFileReference; lastKnownFileType = sourcecode.swift; path = _9RedBalloonsTests.swift; sourceTree = "<group>"; };
		D22104621ABF2FC600C5CA94 /* Balloon.swift */ = {isa = PBXFileReference; fileEncoding = 4; lastKnownFileType = sourcecode.swift; path = Balloon.swift; sourceTree = "<group>"; };
/* End PBXFileReference section */

/* Begin PBXFrameworksBuildPhase section */
		D21F77351ABE271D009DABB7 /* Frameworks */ = {
			isa = PBXFrameworksBuildPhase;
			buildActionMask = 2147483647;
			files = (
			);
			runOnlyForDeploymentPostprocessing = 0;
		};
		D21F774A1ABE271D009DABB7 /* Frameworks */ = {
			isa = PBXFrameworksBuildPhase;
			buildActionMask = 2147483647;
			files = (
			);
			runOnlyForDeploymentPostprocessing = 0;
		};
/* End PBXFrameworksBuildPhase section */

/* Begin PBXGroup section */
		D21F772F1ABE271C009DABB7 = {
			isa = PBXGroup;
			children = (
				D21F773A1ABE271D009DABB7 /* 99RedBalloons */,
				D21F77501ABE271D009DABB7 /* 99RedBalloonsTests */,
				D21F77391ABE271D009DABB7 /* Products */,
			);
			sourceTree = "<group>";
		};
		D21F77391ABE271D009DABB7 /* Products */ = {
			isa = PBXGroup;
			children = (
				D21F77381ABE271D009DABB7 /* 99RedBalloons.app */,
				D21F774D1ABE271D009DABB7 /* 99RedBalloonsTests.xctest */,
			);
			name = Products;
			sourceTree = "<group>";
		};
		D21F773A1ABE271D009DABB7 /* 99RedBalloons */ = {
			isa = PBXGroup;
			children = (
				D21F773D1ABE271D009DABB7 /* AppDelegate.swift */,
				D21F773F1ABE271D009DABB7 /* ViewController.swift */,
				D22104621ABF2FC600C5CA94 /* Balloon.swift */,
				D21F77411ABE271D009DABB7 /* Main.storyboard */,
				D21F77441ABE271D009DABB7 /* Images.xcassets */,
				D21F77461ABE271D009DABB7 /* LaunchScreen.xib */,
				D21F773B1ABE271D009DABB7 /* Supporting Files */,
			);
			path = 99RedBalloons;
			sourceTree = "<group>";
		};
		D21F773B1ABE271D009DABB7 /* Supporting Files */ = {
			isa = PBXGroup;
			children = (
				D21F773C1ABE271D009DABB7 /* Info.plist */,
			);
			name = "Supporting Files";
			sourceTree = "<group>";
		};
		D21F77501ABE271D009DABB7 /* 99RedBalloonsTests */ = {
			isa = PBXGroup;
			children = (
				D21F77531ABE271D009DABB7 /* _9RedBalloonsTests.swift */,
				D21F77511ABE271D009DABB7 /* Supporting Files */,
			);
			path = 99RedBalloonsTests;
			sourceTree = "<group>";
		};
		D21F77511ABE271D009DABB7 /* Supporting Files */ = {
			isa = PBXGroup;
			children = (
				D21F77521ABE271D009DABB7 /* Info.plist */,
			);
			name = "Supporting Files";
			sourceTree = "<group>";
		};
/* End PBXGroup section */

/* Begin PBXNativeTarget section */
		D21F77371ABE271D009DABB7 /* 99RedBalloons */ = {
			isa = PBXNativeTarget;
			buildConfigurationList = D21F77571ABE271D009DABB7 /* Build configuration list for PBXNativeTarget "99RedBalloons" */;
			buildPhases = (
				D21F77341ABE271D009DABB7 /* Sources */,
				D21F77351ABE271D009DABB7 /* Frameworks */,
				D21F77361ABE271D009DABB7 /* Resources */,
			);
			buildRules = (
			);
			dependencies = (
			);
			name = 99RedBalloons;
			productName = 99RedBalloons;
			productReference = D21F77381ABE271D009DABB7 /* 99RedBalloons.app */;
			productType = "com.apple.product-type.application";
		};
		D21F774C1ABE271D009DABB7 /* 99RedBalloonsTests */ = {
			isa = PBXNativeTarget;
			buildConfigurationList = D21F775A1ABE271D009DABB7 /* Build configuration list for PBXNativeTarget "99RedBalloonsTests" */;
			buildPhases = (
				D21F77491ABE271D009DABB7 /* Sources */,
				D21F774A1ABE271D009DABB7 /* Frameworks */,
				D21F774B1ABE271D009DABB7 /* Resources */,
			);
			buildRules = (
			);
			dependencies = (
				D21F774F1ABE271D009DABB7 /* PBXTargetDependency */,
			);
			name = 99RedBalloonsTests;
			productName = 99RedBalloonsTests;
			productReference = D21F774D1ABE271D009DABB7 /* 99RedBalloonsTests.xctest */;
			productType = "com.apple.product-type.bundle.unit-test";
		};
/* End PBXNativeTarget section */

/* Begin PBXProject section */
		D21F77301ABE271C009DABB7 /* Project object */ = {
			isa = PBXProject;
			attributes = {
				LastUpgradeCheck = 0630;
				ORGANIZATIONNAME = "Sónia Rosa";
				TargetAttributes = {
					D21F77371ABE271D009DABB7 = {
						CreatedOnToolsVersion = 6.3;
					};
					D21F774C1ABE271D009DABB7 = {
						CreatedOnToolsVersion = 6.3;
						TestTargetID = D21F77371ABE271D009DABB7;
					};
				};
			};
			buildConfigurationList = D21F77331ABE271C009DABB7 /* Build configuration list for PBXProject "99RedBalloons" */;
			compatibilityVersion = "Xcode 3.2";
			developmentRegion = English;
			hasScannedForEncodings = 0;
			knownRegions = (
				en,
				Base,
			);
			mainGroup = D21F772F1ABE271C009DABB7;
			productRefGroup = D21F77391ABE271D009DABB7 /* Products */;
			projectDirPath = "";
			projectRoot = "";
			targets = (
				D21F77371ABE271D009DABB7 /* 99RedBalloons */,
				D21F774C1ABE271D009DABB7 /* 99RedBalloonsTests */,
			);
		};
/* End PBXProject section */

/* Begin PBXResourcesBuildPhase section */
		D21F77361ABE271D009DABB7 /* Resources */ = {
			isa = PBXResourcesBuildPhase;
			buildActionMask = 2147483647;
			files = (
				D21F77431ABE271D009DABB7 /* Main.storyboard in Resources */,
				D21F77481ABE271D009DABB7 /* LaunchScreen.xib in Resources */,
				D21F77451ABE271D009DABB7 /* Images.xcassets in Resources */,
			);
			runOnlyForDeploymentPostprocessing = 0;
		};
		D21F774B1ABE271D009DABB7 /* Resources */ = {
			isa = PBXResourcesBuildPhase;
			buildActionMask = 2147483647;
			files = (
			);
			runOnlyForDeploymentPostprocessing = 0;
		};
/* End PBXResourcesBuildPhase section */

/* Begin PBXSourcesBuildPhase section */
		D21F77341ABE271D009DABB7 /* Sources */ = {
			isa = PBXSourcesBuildPhase;
			buildActionMask = 2147483647;
			files = (
				D21F77401ABE271D009DABB7 /* ViewController.swift in Sources */,
				D22104631ABF2FC600C5CA94 /* Balloon.swift in Sources */,
				D21F773E1ABE271D009DABB7 /* AppDelegate.swift in Sources */,
			);
			runOnlyForDeploymentPostprocessing = 0;
		};
		D21F77491ABE271D009DABB7 /* Sources */ = {
			isa = PBXSourcesBuildPhase;
			buildActionMask = 2147483647;
			files = (
				D21F77541ABE271D009DABB7 /* _9RedBalloonsTests.swift in Sources */,
			);
			runOnlyForDeploymentPostprocessing = 0;
		};
/* End PBXSourcesBuildPhase section */

/* Begin PBXTargetDependency section */
		D21F774F1ABE271D009DABB7 /* PBXTargetDependency */ = {
			isa = PBXTargetDependency;
			target = D21F77371ABE271D009DABB7 /* 99RedBalloons */;
			targetProxy = D21F774E1ABE271D009DABB7 /* PBXContainerItemProxy */;
		};
/* End PBXTargetDependency section */

/* Begin PBXVariantGroup section */
		D21F77411ABE271D009DABB7 /* Main.storyboard */ = {
			isa = PBXVariantGroup;
			children = (
				D21F77421ABE271D009DABB7 /* Base */,
			);
			name = Main.storyboard;
			sourceTree = "<group>";
		};
		D21F77461ABE271D009DABB7 /* LaunchScreen.xib */ = {
			isa = PBXVariantGroup;
			children = (
				D21F77471ABE271D009DABB7 /* Base */,
			);
			name = LaunchScreen.xib;
			sourceTree = "<group>";
		};
/* End PBXVariantGroup section */

/* Begin XCBuildConfiguration section */
		D21F77551ABE271D009DABB7 /* Debug */ = {
			isa = XCBuildConfiguration;
			buildSettings = {
				ALWAYS_SEARCH_USER_PATHS = NO;
				CLANG_CXX_LANGUAGE_STANDARD = "gnu++0x";
				CLANG_CXX_LIBRARY = "libc++";
				CLANG_ENABLE_MODULES = YES;
				CLANG_ENABLE_OBJC_ARC = YES;
				CLANG_WARN_BOOL_CONVERSION = YES;
				CLANG_WARN_CONSTANT_CONVERSION = YES;
				CLANG_WARN_DIRECT_OBJC_ISA_USAGE = YES_ERROR;
				CLANG_WARN_EMPTY_BODY = YES;
				CLANG_WARN_ENUM_CONVERSION = YES;
				CLANG_WARN_INT_CONVERSION = YES;
				CLANG_WARN_OBJC_ROOT_CLASS = YES_ERROR;
				CLANG_WARN_UNREACHABLE_CODE = YES;
				CLANG_WARN__DUPLICATE_METHOD_MATCH = YES;
				"CODE_SIGN_IDENTITY[sdk=iphoneos*]" = "iPhone Developer";
				COPY_PHASE_STRIP = NO;
				DEBUG_INFORMATION_FORMAT = dwarf;
				ENABLE_STRICT_OBJC_MSGSEND = YES;
				GCC_C_LANGUAGE_STANDARD = gnu99;
				GCC_DYNAMIC_NO_PIC = NO;
				GCC_NO_COMMON_BLOCKS = YES;
				GCC_OPTIMIZATION_LEVEL = 0;
				GCC_PREPROCESSOR_DEFINITIONS = (
					"DEBUG=1",
					"$(inherited)",
				);
				GCC_SYMBOLS_PRIVATE_EXTERN = NO;
				GCC_WARN_64_TO_32_BIT_CONVERSION = YES;
				GCC_WARN_ABOUT_RETURN_TYPE = YES_ERROR;
				GCC_WARN_UNDECLARED_SELECTOR = YES;
				GCC_WARN_UNINITIALIZED_AUTOS = YES_AGGRESSIVE;
				GCC_WARN_UNUSED_FUNCTION = YES;
				GCC_WARN_UNUSED_VARIABLE = YES;
				IPHONEOS_DEPLOYMENT_TARGET = 8.3;
				MTL_ENABLE_DEBUG_INFO = YES;
				ONLY_ACTIVE_ARCH = YES;
				SDKROOT = iphoneos;
				SWIFT_OPTIMIZATION_LEVEL = "-Onone";
				TARGETED_DEVICE_FAMILY = "1,2";
			};
			name = Debug;
		};
		D21F77561ABE271D009DABB7 /* Release */ = {
			isa = XCBuildConfiguration;
			buildSettings = {
				ALWAYS_SEARCH_USER_PATHS = NO;
				CLANG_CXX_LANGUAGE_STANDARD = "gnu++0x";
				CLANG_CXX_LIBRARY = "libc++";
				CLANG_ENABLE_MODULES = YES;
				CLANG_ENABLE_OBJC_ARC = YES;
				CLANG_WARN_BOOL_CONVERSION = YES;
				CLANG_WARN_CONSTANT_CONVERSION = YES;
				CLANG_WARN_DIRECT_OBJC_ISA_USAGE = YES_ERROR;
				CLANG_WARN_EMPTY_BODY = YES;
				CLANG_WARN_ENUM_CONVERSION = YES;
				CLANG_WARN_INT_CONVERSION = YES;
				CLANG_WARN_OBJC_ROOT_CLASS = YES_ERROR;
				CLANG_WARN_UNREACHABLE_CODE = YES;
				CLANG_WARN__DUPLICATE_METHOD_MATCH = YES;
				"CODE_SIGN_IDENTITY[sdk=iphoneos*]" = "iPhone Developer";
				COPY_PHASE_STRIP = NO;
				DEBUG_INFORMATION_FORMAT = "dwarf-with-dsym";
				ENABLE_NS_ASSERTIONS = NO;
				ENABLE_STRICT_OBJC_MSGSEND = YES;
				GCC_C_LANGUAGE_STANDARD = gnu99;
				GCC_NO_COMMON_BLOCKS = YES;
				GCC_WARN_64_TO_32_BIT_CONVERSION = YES;
				GCC_WARN_ABOUT_RETURN_TYPE = YES_ERROR;
				GCC_WARN_UNDECLARED_SELECTOR = YES;
				GCC_WARN_UNINITIALIZED_AUTOS = YES_AGGRESSIVE;
				GCC_WARN_UNUSED_FUNCTION = YES;
				GCC_WARN_UNUSED_VARIABLE = YES;
				IPHONEOS_DEPLOYMENT_TARGET = 8.3;
				MTL_ENABLE_DEBUG_INFO = NO;
				SDKROOT = iphoneos;
				TARGETED_DEVICE_FAMILY = "1,2";
				VALIDATE_PRODUCT = YES;
			};
			name = Release;
		};
		D21F77581ABE271D009DABB7 /* Debug */ = {
			isa = XCBuildConfiguration;
			buildSettings = {
				ASSETCATALOG_COMPILER_APPICON_NAME = AppIcon;
				INFOPLIST_FILE = 99RedBalloons/Info.plist;
				LD_RUNPATH_SEARCH_PATHS = "$(inherited) @executable_path/Frameworks";
				PRODUCT_NAME = "$(TARGET_NAME)";
			};
			name = Debug;
		};
		D21F77591ABE271D009DABB7 /* Release */ = {
			isa = XCBuildConfiguration;
			buildSettings = {
				ASSETCATALOG_COMPILER_APPICON_NAME = AppIcon;
				INFOPLIST_FILE = 99RedBalloons/Info.plist;
				LD_RUNPATH_SEARCH_PATHS = "$(inherited) @executable_path/Frameworks";
				PRODUCT_NAME = "$(TARGET_NAME)";
			};
			name = Release;
		};
		D21F775B1ABE271D009DABB7 /* Debug */ = {
			isa = XCBuildConfiguration;
			buildSettings = {
				BUNDLE_LOADER = "$(TEST_HOST)";
				FRAMEWORK_SEARCH_PATHS = (
					"$(SDKROOT)/Developer/Library/Frameworks",
					"$(inherited)",
				);
				GCC_PREPROCESSOR_DEFINITIONS = (
					"DEBUG=1",
					"$(inherited)",
				);
				INFOPLIST_FILE = 99RedBalloonsTests/Info.plist;
				LD_RUNPATH_SEARCH_PATHS = "$(inherited) @executable_path/Frameworks @loader_path/Frameworks";
				PRODUCT_NAME = "$(TARGET_NAME)";
				TEST_HOST = "$(BUILT_PRODUCTS_DIR)/99RedBalloons.app/99RedBalloons";
			};
			name = Debug;
		};
		D21F775C1ABE271D009DABB7 /* Release */ = {
			isa = XCBuildConfiguration;
			buildSettings = {
				BUNDLE_LOADER = "$(TEST_HOST)";
				FRAMEWORK_SEARCH_PATHS = (
					"$(SDKROOT)/Developer/Library/Frameworks",
					"$(inherited)",
				);
				INFOPLIST_FILE = 99RedBalloonsTests/Info.plist;
				LD_RUNPATH_SEARCH_PATHS = "$(inherited) @executable_path/Frameworks @loader_path/Frameworks";
				PRODUCT_NAME = "$(TARGET_NAME)";
				TEST_HOST = "$(BUILT_PRODUCTS_DIR)/99RedBalloons.app/99RedBalloons";
			};
			name = Release;
		};
/* End XCBuildConfiguration section */

/* Begin XCConfigurationList section */
		D21F77331ABE271C009DABB7 /* Build configuration list for PBXProject "99RedBalloons" */ = {
			isa = XCConfigurationList;
			buildConfigurations = (
				D21F77551ABE271D009DABB7 /* Debug */,
				D21F77561ABE271D009DABB7 /* Release */,
			);
			defaultConfigurationIsVisible = 0;
			defaultConfigurationName = Release;
		};
		D21F77571ABE271D009DABB7 /* Build configuration list for PBXNativeTarget "99RedBalloons" */ = {
			isa = XCConfigurationList;
			buildConfigurations = (
				D21F77581ABE271D009DABB7 /* Debug */,
				D21F77591ABE271D009DABB7 /* Release */,
			);
			defaultConfigurationIsVisible = 0;
			defaultConfigurationName = Release;
		};
		D21F775A1ABE271D009DABB7 /* Build configuration list for PBXNativeTarget "99RedBalloonsTests" */ = {
			isa = XCConfigurationList;
			buildConfigurations = (
				D21F775B1ABE271D009DABB7 /* Debug */,
				D21F775C1ABE271D009DABB7 /* Release */,
			);
			defaultConfigurationIsVisible = 0;
			defaultConfigurationName = Release;
		};
/* End XCConfigurationList section */
	};
	rootObject = D21F77301ABE271C009DABB7 /* Project object */;
}
